
Microsoft Visual Studio Solution File, Format Version 12.00
# Visual Studio 15
VisualStudioVersion = 15.0.26124.0
MinimumVisualStudioVersion = 15.0.26124.0
Project("{FAE04EC0-301F-11D3-BF4B-00C04F79EFBC}") = "ConsoleLog", "ConsoleLog\ConsoleLog.csproj", "{C47161AE-C7E0-47A8-8C1F-D3B5CEA52341}"
EndProject
Project("{FAE04EC0-301F-11D3-BF4B-00C04F79EFBC}") = "Util", "Util\Util.csproj", "{1A4195D8-52E8-4B96-A5D3-383FCA06999D}"
EndProject
Project("{FAE04EC0-301F-11D3-BF4B-00C04F79EFBC}") = "Business", "Business\Business.csproj", "{B01D8AB0-8D56-438A-A9E6-FE990167AA0C}"
EndProject
Project("{FAE04EC0-301F-11D3-BF4B-00C04F79EFBC}") = "iTaaS.Tests", "iTaaS.Tests\iTaaS.Tests.csproj", "{F14F985E-26A4-41AE-B1EC-33EB0B1D6DFD}"
EndProject
Global
	GlobalSection(SolutionConfigurationPlatforms) = preSolution
		Debug|Any CPU = Debug|Any CPU
		Debug|x64 = Debug|x64
		Debug|x86 = Debug|x86
		Release|Any CPU = Release|Any CPU
		Release|x64 = Release|x64
		Release|x86 = Release|x86
	EndGlobalSection
	GlobalSection(SolutionProperties) = preSolution
		HideSolutionNode = FALSE
	EndGlobalSection
	GlobalSection(ProjectConfigurationPlatforms) = postSolution
		{C47161AE-C7E0-47A8-8C1F-D3B5CEA52341}.Debug|Any CPU.ActiveCfg = Debug|Any CPU
		{C47161AE-C7E0-47A8-8C1F-D3B5CEA52341}.Debug|Any CPU.Build.0 = Debug|Any CPU
		{C47161AE-C7E0-47A8-8C1F-D3B5CEA52341}.Debug|x64.ActiveCfg = Debug|Any CPU
		{C47161AE-C7E0-47A8-8C1F-D3B5CEA52341}.Debug|x64.Build.0 = Debug|Any CPU
		{C47161AE-C7E0-47A8-8C1F-D3B5CEA52341}.Debug|x86.ActiveCfg = Debug|Any CPU
		{C47161AE-C7E0-47A8-8C1F-D3B5CEA52341}.Debug|x86.Build.0 = Debug|Any CPU
		{C47161AE-C7E0-47A8-8C1F-D3B5CEA52341}.Release|Any CPU.ActiveCfg = Release|Any CPU
		{C47161AE-C7E0-47A8-8C1F-D3B5CEA52341}.Release|Any CPU.Build.0 = Release|Any CPU
		{C47161AE-C7E0-47A8-8C1F-D3B5CEA52341}.Release|x64.ActiveCfg = Release|Any CPU
		{C47161AE-C7E0-47A8-8C1F-D3B5CEA52341}.Release|x64.Build.0 = Release|Any CPU
		{C47161AE-C7E0-47A8-8C1F-D3B5CEA52341}.Release|x86.ActiveCfg = Release|Any CPU
		{C47161AE-C7E0-47A8-8C1F-D3B5CEA52341}.Release|x86.Build.0 = Release|Any CPU
		{1A4195D8-52E8-4B96-A5D3-383FCA06999D}.Debug|Any CPU.ActiveCfg = Debug|Any CPU
		{1A4195D8-52E8-4B96-A5D3-383FCA06999D}.Debug|Any CPU.Build.0 = Debug|Any CPU
		{1A4195D8-52E8-4B96-A5D3-383FCA06999D}.Debug|x64.ActiveCfg = Debug|Any CPU
		{1A4195D8-52E8-4B96-A5D3-383FCA06999D}.Debug|x64.Build.0 = Debug|Any CPU
		{1A4195D8-52E8-4B96-A5D3-383FCA06999D}.Debug|x86.ActiveCfg = Debug|Any CPU
		{1A4195D8-52E8-4B96-A5D3-383FCA06999D}.Debug|x86.Build.0 = Debug|Any CPU
		{1A4195D8-52E8-4B96-A5D3-383FCA06999D}.Release|Any CPU.ActiveCfg = Release|Any CPU
		{1A4195D8-52E8-4B96-A5D3-383FCA06999D}.Release|Any CPU.Build.0 = Release|Any CPU
		{1A4195D8-52E8-4B96-A5D3-383FCA06999D}.Release|x64.ActiveCfg = Release|Any CPU
		{1A4195D8-52E8-4B96-A5D3-383FCA06999D}.Release|x64.Build.0 = Release|Any CPU
		{1A4195D8-52E8-4B96-A5D3-383FCA06999D}.Release|x86.ActiveCfg = Release|Any CPU
		{1A4195D8-52E8-4B96-A5D3-383FCA06999D}.Release|x86.Build.0 = Release|Any CPU
		{B01D8AB0-8D56-438A-A9E6-FE990167AA0C}.Debug|Any CPU.ActiveCfg = Debug|Any CPU
		{B01D8AB0-8D56-438A-A9E6-FE990167AA0C}.Debug|Any CPU.Build.0 = Debug|Any CPU
		{B01D8AB0-8D56-438A-A9E6-FE990167AA0C}.Debug|x64.ActiveCfg = Debug|Any CPU
		{B01D8AB0-8D56-438A-A9E6-FE990167AA0C}.Debug|x64.Build.0 = Debug|Any CPU
		{B01D8AB0-8D56-438A-A9E6-FE990167AA0C}.Debug|x86.ActiveCfg = Debug|Any CPU
		{B01D8AB0-8D56-438A-A9E6-FE990167AA0C}.Debug|x86.Build.0 = Debug|Any CPU
		{B01D8AB0-8D56-438A-A9E6-FE990167AA0C}.Release|Any CPU.ActiveCfg = Release|Any CPU
		{B01D8AB0-8D56-438A-A9E6-FE990167AA0C}.Release|Any CPU.Build.0 = Release|Any CPU
		{B01D8AB0-8D56-438A-A9E6-FE990167AA0C}.Release|x64.ActiveCfg = Release|Any CPU
		{B01D8AB0-8D56-438A-A9E6-FE990167AA0C}.Release|x64.Build.0 = Release|Any CPU
		{B01D8AB0-8D56-438A-A9E6-FE990167AA0C}.Release|x86.ActiveCfg = Release|Any CPU
		{B01D8AB0-8D56-438A-A9E6-FE990167AA0C}.Release|x86.Build.0 = Release|Any CPU
		{F14F985E-26A4-41AE-B1EC-33EB0B1D6DFD}.Debug|Any CPU.ActiveCfg = Debug|Any CPU
		{F14F985E-26A4-41AE-B1EC-33EB0B1D6DFD}.Debug|Any CPU.Build.0 = Debug|Any CPU
		{F14F985E-26A4-41AE-B1EC-33EB0B1D6DFD}.Debug|x64.ActiveCfg = Debug|Any CPU
		{F14F985E-26A4-41AE-B1EC-33EB0B1D6DFD}.Debug|x64.Build.0 = Debug|Any CPU
		{F14F985E-26A4-41AE-B1EC-33EB0B1D6DFD}.Debug|x86.ActiveCfg = Debug|Any CPU
		{F14F985E-26A4-41AE-B1EC-33EB0B1D6DFD}.Debug|x86.Build.0 = Debug|Any CPU
		{F14F985E-26A4-41AE-B1EC-33EB0B1D6DFD}.Release|Any CPU.ActiveCfg = Release|Any CPU
		{F14F985E-26A4-41AE-B1EC-33EB0B1D6DFD}.Release|Any CPU.Build.0 = Release|Any CPU
		{F14F985E-26A4-41AE-B1EC-33EB0B1D6DFD}.Release|x64.ActiveCfg = Release|Any CPU
		{F14F985E-26A4-41AE-B1EC-33EB0B1D6DFD}.Release|x64.Build.0 = Release|Any CPU
		{F14F985E-26A4-41AE-B1EC-33EB0B1D6DFD}.Release|x86.ActiveCfg = Release|Any CPU
		{F14F985E-26A4-41AE-B1EC-33EB0B1D6DFD}.Release|x86.Build.0 = Release|Any CPU
	EndGlobalSection
EndGlobal
